// !$*UTF8*$!
{
	archiveVersion = 1;
	classes = {
	};
	objectVersion = 50;
	objects = {

/* Begin PBXBuildFile section */
		5AC9555A265D5E9C00D03B39 /* AppDelegate.swift in Sources */ = {isa = PBXBuildFile; fileRef = 5AC95559265D5E9C00D03B39 /* AppDelegate.swift */; };
		5AC9555C265D5E9C00D03B39 /* SceneDelegate.swift in Sources */ = {isa = PBXBuildFile; fileRef = 5AC9555B265D5E9C00D03B39 /* SceneDelegate.swift */; };
		5AC9555E265D5E9C00D03B39 /* ViewController.swift in Sources */ = {isa = PBXBuildFile; fileRef = 5AC9555D265D5E9C00D03B39 /* ViewController.swift */; };
		5AC95561265D5E9C00D03B39 /* Main.storyboard in Resources */ = {isa = PBXBuildFile; fileRef = 5AC9555F265D5E9C00D03B39 /* Main.storyboard */; };
		5AC95564265D5E9C00D03B39 /* SoundBar.xcdatamodeld in Sources */ = {isa = PBXBuildFile; fileRef = 5AC95562265D5E9C00D03B39 /* SoundBar.xcdatamodeld */; };
		5AC95566265D5EA500D03B39 /* Assets.xcassets in Resources */ = {isa = PBXBuildFile; fileRef = 5AC95565265D5EA500D03B39 /* Assets.xcassets */; };
		5AC95569265D5EA600D03B39 /* LaunchScreen.storyboard in Resources */ = {isa = PBXBuildFile; fileRef = 5AC95567265D5EA600D03B39 /* LaunchScreen.storyboard */; };
		5AC95571265D6AD300D03B39 /* SoundViewController.swift in Sources */ = {isa = PBXBuildFile; fileRef = 5AC95570265D6AD300D03B39 /* SoundViewController.swift */; };
/* End PBXBuildFile section */

/* Begin PBXFileReference section */
		5AC95556265D5E9C00D03B39 /* SoundBar.app */ = {isa = PBXFileReference; explicitFileType = wrapper.application; includeInIndex = 0; path = SoundBar.app; sourceTree = BUILT_PRODUCTS_DIR; };
		5AC95559265D5E9C00D03B39 /* AppDelegate.swift */ = {isa = PBXFileReference; lastKnownFileType = sourcecode.swift; path = AppDelegate.swift; sourceTree = "<group>"; };
		5AC9555B265D5E9C00D03B39 /* SceneDelegate.swift */ = {isa = PBXFileReference; lastKnownFileType = sourcecode.swift; path = SceneDelegate.swift; sourceTree = "<group>"; };
		5AC9555D265D5E9C00D03B39 /* ViewController.swift */ = {isa = PBXFileReference; lastKnownFileType = sourcecode.swift; path = ViewController.swift; sourceTree = "<group>"; };
		5AC95560265D5E9C00D03B39 /* Base */ = {isa = PBXFileReference; lastKnownFileType = file.storyboard; name = Base; path = Base.lproj/Main.storyboard; sourceTree = "<group>"; };
		5AC95563265D5E9C00D03B39 /* SoundBar.xcdatamodel */ = {isa = PBXFileReference; lastKnownFileType = wrapper.xcdatamodel; path = SoundBar.xcdatamodel; sourceTree = "<group>"; };
		5AC95565265D5EA500D03B39 /* Assets.xcassets */ = {isa = PBXFileReference; lastKnownFileType = folder.assetcatalog; path = Assets.xcassets; sourceTree = "<group>"; };
		5AC95568265D5EA600D03B39 /* Base */ = {isa = PBXFileReference; lastKnownFileType = file.storyboard; name = Base; path = Base.lproj/LaunchScreen.storyboard; sourceTree = "<group>"; };
		5AC9556A265D5EA600D03B39 /* Info.plist */ = {isa = PBXFileReference; lastKnownFileType = text.plist.xml; path = Info.plist; sourceTree = "<group>"; };
		5AC95570265D6AD300D03B39 /* SoundViewController.swift */ = {isa = PBXFileReference; lastKnownFileType = sourcecode.swift; path = SoundViewController.swift; sourceTree = "<group>"; };
/* End PBXFileReference section */

/* Begin PBXFrameworksBuildPhase section */
		5AC95553265D5E9C00D03B39 /* Frameworks */ = {
			isa = PBXFrameworksBuildPhase;
			buildActionMask = 2147483647;
			files = (
			);
			runOnlyForDeploymentPostprocessing = 0;
		};
/* End PBXFrameworksBuildPhase section */

/* Begin PBXGroup section */
		5AC9554D265D5E9C00D03B39 = {
			isa = PBXGroup;
			children = (
				5AC95558265D5E9C00D03B39 /* SoundBar */,
				5AC95557265D5E9C00D03B39 /* Products */,
			);
			sourceTree = "<group>";
		};
		5AC95557265D5E9C00D03B39 /* Products */ = {
			isa = PBXGroup;
			children = (
				5AC95556265D5E9C00D03B39 /* SoundBar.app */,
			);
			name = Products;
			sourceTree = "<group>";
		};
		5AC95558265D5E9C00D03B39 /* SoundBar */ = {
			isa = PBXGroup;
			children = (
				5AC95559265D5E9C00D03B39 /* AppDelegate.swift */,
				5AC9555B265D5E9C00D03B39 /* SceneDelegate.swift */,
				5AC9555D265D5E9C00D03B39 /* ViewController.swift */,
				5AC9555F265D5E9C00D03B39 /* Main.storyboard */,
				5AC95570265D6AD300D03B39 /* SoundViewController.swift */,
				5AC95565265D5EA500D03B39 /* Assets.xcassets */,
				5AC95567265D5EA600D03B39 /* LaunchScreen.storyboard */,
				5AC9556A265D5EA600D03B39 /* Info.plist */,
				5AC95562265D5E9C00D03B39 /* SoundBar.xcdatamodeld */,
			);
			path = SoundBar;
			sourceTree = "<group>";
		};
/* End PBXGroup section */

/* Begin PBXNativeTarget section */
		5AC95555265D5E9C00D03B39 /* SoundBar */ = {
			isa = PBXNativeTarget;
			buildConfigurationList = 5AC9556D265D5EA600D03B39 /* Build configuration list for PBXNativeTarget "SoundBar" */;
			buildPhases = (
				5AC95552265D5E9C00D03B39 /* Sources */,
				5AC95553265D5E9C00D03B39 /* Frameworks */,
				5AC95554265D5E9C00D03B39 /* Resources */,
			);
			buildRules = (
			);
			dependencies = (
			);
			name = SoundBar;
			productName = SoundBar;
			productReference = 5AC95556265D5E9C00D03B39 /* SoundBar.app */;
			productType = "com.apple.product-type.application";
		};
/* End PBXNativeTarget section */

/* Begin PBXProject section */
		5AC9554E265D5E9C00D03B39 /* Project object */ = {
			isa = PBXProject;
			attributes = {
				LastSwiftUpdateCheck = 1130;
				LastUpgradeCheck = 1130;
				ORGANIZATIONNAME = "Mariam Apaza";
				TargetAttributes = {
					5AC95555265D5E9C00D03B39 = {
						CreatedOnToolsVersion = 11.3.1;
					};
				};
			};
			buildConfigurationList = 5AC95551265D5E9C00D03B39 /* Build configuration list for PBXProject "SoundBar" */;
			compatibilityVersion = "Xcode 9.3";
			developmentRegion = en;
			hasScannedForEncodings = 0;
			knownRegions = (
				en,
				Base,
			);
			mainGroup = 5AC9554D265D5E9C00D03B39;
			productRefGroup = 5AC95557265D5E9C00D03B39 /* Products */;
			projectDirPath = "";
			projectRoot = "";
			targets = (
				5AC95555265D5E9C00D03B39 /* SoundBar */,
			);
		};
/* End PBXProject section */

/* Begin PBXResourcesBuildPhase section */
		5AC95554265D5E9C00D03B39 /* Resources */ = {
			isa = PBXResourcesBuildPhase;
			buildActionMask = 2147483647;
			files = (
				5AC95569265D5EA600D03B39 /* LaunchScreen.storyboard in Resources */,
				5AC95566265D5EA500D03B39 /* Assets.xcassets in Resources */,
				5AC95561265D5E9C00D03B39 /* Main.storyboard in Resources */,
			);
			runOnlyForDeploymentPostprocessing = 0;
		};
/* End PBXResourcesBuildPhase section */

/* Begin PBXSourcesBuildPhase section */
		5AC95552265D5E9C00D03B39 /* Sources */ = {
			isa = PBXSourcesBuildPhase;
			buildActionMask = 2147483647;
			files = (
				5AC9555E265D5E9C00D03B39 /* ViewController.swift in Sources */,
				5AC9555A265D5E9C00D03B39 /* AppDelegate.swift in Sources */,
				5AC9555C265D5E9C00D03B39 /* SceneDelegate.swift in Sources */,
				5AC95564265D5E9C00D03B39 /* SoundBar.xcdatamodeld in Sources */,
				5AC95571265D6AD300D03B39 /* SoundViewController.swift in Sources */,
			);
			runOnlyForDeploymentPostprocessing = 0;
		};
/* End PBXSourcesBuildPhase section */

/* Begin PBXVariantGroup section */
		5AC9555F265D5E9C00D03B39 /* Main.storyboard */ = {
			isa = PBXVariantGroup;
			children = (
				5AC95560265D5E9C00D03B39 /* Base */,
			);
			name = Main.storyboard;
			sourceTree = "<group>";
		};
		5AC95567265D5EA600D03B39 /* LaunchScreen.storyboard */ = {
			isa = PBXVariantGroup;
			children = (
				5AC95568265D5EA600D03B39 /* Base */,
			);
			name = LaunchScreen.storyboard;
			sourceTree = "<group>";
		};
/* End PBXVariantGroup section */

/* Begin XCBuildConfiguration section */
		5AC9556B265D5EA600D03B39 /* Debug */ = {
			isa = XCBuildConfiguration;
			buildSettings = {
				ALWAYS_SEARCH_USER_PATHS = NO;
				CLANG_ANALYZER_NONNULL = YES;
				CLANG_ANALYZER_NUMBER_OBJECT_CONVERSION = YES_AGGRESSIVE;
				CLANG_CXX_LANGUAGE_STANDARD = "gnu++14";
				CLANG_CXX_LIBRARY = "libc++";
				CLANG_ENABLE_MODULES = YES;
				CLANG_ENABLE_OBJC_ARC = YES;
				CLANG_ENABLE_OBJC_WEAK = YES;
				CLANG_WARN_BLOCK_CAPTURE_AUTORELEASING = YES;
				CLANG_WARN_BOOL_CONVERSION = YES;
				CLANG_WARN_COMMA = YES;
				CLANG_WARN_CONSTANT_CONVERSION = YES;
				CLANG_WARN_DEPRECATED_OBJC_IMPLEMENTATIONS = YES;
				CLANG_WARN_DIRECT_OBJC_ISA_USAGE = YES_ERROR;
				CLANG_WARN_DOCUMENTATION_COMMENTS = YES;
				CLANG_WARN_EMPTY_BODY = YES;
				CLANG_WARN_ENUM_CONVERSION = YES;
				CLANG_WARN_INFINITE_RECURSION = YES;
				CLANG_WARN_INT_CONVERSION = YES;
				CLANG_WARN_NON_LITERAL_NULL_CONVERSION = YES;
				CLANG_WARN_OBJC_IMPLICIT_RETAIN_SELF = YES;
				CLANG_WARN_OBJC_LITERAL_CONVERSION = YES;
				CLANG_WARN_OBJC_ROOT_CLASS = YES_ERROR;
				CLANG_WARN_RANGE_LOOP_ANALYSIS = YES;
				CLANG_WARN_STRICT_PROTOTYPES = YES;
				CLANG_WARN_SUSPICIOUS_MOVE = YES;
				CLANG_WARN_UNGUARDED_AVAILABILITY = YES_AGGRESSIVE;
				CLANG_WARN_UNREACHABLE_CODE = YES;
				CLANG_WARN__DUPLICATE_METHOD_MATCH = YES;
				COPY_PHASE_STRIP = NO;
				DEBUG_INFORMATION_FORMAT = dwarf;
				ENABLE_STRICT_OBJC_MSGSEND = YES;
				ENABLE_TESTABILITY = YES;
				GCC_C_LANGUAGE_STANDARD = gnu11;
				GCC_DYNAMIC_NO_PIC = NO;
				GCC_NO_COMMON_BLOCKS = YES;
				GCC_OPTIMIZATION_LEVEL = 0;
				GCC_PREPROCESSOR_DEFINITIONS = (
					"DEBUG=1",
					"$(inherited)",
				);
				GCC_WARN_64_TO_32_BIT_CONVERSION = YES;
				GCC_WARN_ABOUT_RETURN_TYPE = YES_ERROR;
				GCC_WARN_UNDECLARED_SELECTOR = YES;
				GCC_WARN_UNINITIALIZED_AUTOS = YES_AGGRESSIVE;
				GCC_WARN_UNUSED_FUNCTION = YES;
				GCC_WARN_UNUSED_VARIABLE = YES;
				IPHONEOS_DEPLOYMENT_TARGET = 13.2;
				MTL_ENABLE_DEBUG_INFO = INCLUDE_SOURCE;
				MTL_FAST_MATH = YES;
				ONLY_ACTIVE_ARCH = YES;
				SDKROOT = iphoneos;
				SWIFT_ACTIVE_COMPILATION_CONDITIONS = DEBUG;
				SWIFT_OPTIMIZATION_LEVEL = "-Onone";
			};
			name = Debug;
		};
		5AC9556C265D5EA600D03B39 /* Release */ = {
			isa = XCBuildConfiguration;
			buildSettings = {
				ALWAYS_SEARCH_USER_PATHS = NO;
				CLANG_ANALYZER_NONNULL = YES;
				CLANG_ANALYZER_NUMBER_OBJECT_CONVERSION = YES_AGGRESSIVE;
				CLANG_CXX_LANGUAGE_STANDARD = "gnu++14";
				CLANG_CXX_LIBRARY = "libc++";
				CLANG_ENABLE_MODULES = YES;
				CLANG_ENABLE_OBJC_ARC = YES;
				CLANG_ENABLE_OBJC_WEAK = YES;
				CLANG_WARN_BLOCK_CAPTURE_AUTORELEASING = YES;
				CLANG_WARN_BOOL_CONVERSION = YES;
				CLANG_WARN_COMMA = YES;
				CLANG_WARN_CONSTANT_CONVERSION = YES;
				CLANG_WARN_DEPRECATED_OBJC_IMPLEMENTATIONS = YES;
				CLANG_WARN_DIRECT_OBJC_ISA_USAGE = YES_ERROR;
				CLANG_WARN_DOCUMENTATION_COMMENTS = YES;
				CLANG_WARN_EMPTY_BODY = YES;
				CLANG_WARN_ENUM_CONVERSION = YES;
				CLANG_WARN_INFINITE_RECURSION = YES;
				CLANG_WARN_INT_CONVERSION = YES;
				CLANG_WARN_NON_LITERAL_NULL_CONVERSION = YES;
				CLANG_WARN_OBJC_IMPLICIT_RETAIN_SELF = YES;
				CLANG_WARN_OBJC_LITERAL_CONVERSION = YES;
				CLANG_WARN_OBJC_ROOT_CLASS = YES_ERROR;
				CLANG_WARN_RANGE_LOOP_ANALYSIS = YES;
				CLANG_WARN_STRICT_PROTOTYPES = YES;
				CLANG_WARN_SUSPICIOUS_MOVE = YES;
				CLANG_WARN_UNGUARDED_AVAILABILITY = YES_AGGRESSIVE;
				CLANG_WARN_UNREACHABLE_CODE = YES;
				CLANG_WARN__DUPLICATE_METHOD_MATCH = YES;
				COPY_PHASE_STRIP = NO;
				DEBUG_INFORMATION_FORMAT = "dwarf-with-dsym";
				ENABLE_NS_ASSERTIONS = NO;
				ENABLE_STRICT_OBJC_MSGSEND = YES;
				GCC_C_LANGUAGE_STANDARD = gnu11;
				GCC_NO_COMMON_BLOCKS = YES;
				GCC_WARN_64_TO_32_BIT_CONVERSION = YES;
				GCC_WARN_ABOUT_RETURN_TYPE = YES_ERROR;
				GCC_WARN_UNDECLARED_SELECTOR = YES;
				GCC_WARN_UNINITIALIZED_AUTOS = YES_AGGRESSIVE;
				GCC_WARN_UNUSED_FUNCTION = YES;
				GCC_WARN_UNUSED_VARIABLE = YES;
				IPHONEOS_DEPLOYMENT_TARGET = 13.2;
				MTL_ENABLE_DEBUG_INFO = NO;
				MTL_FAST_MATH = YES;
				SDKROOT = iphoneos;
				SWIFT_COMPILATION_MODE = wholemodule;
				SWIFT_OPTIMIZATION_LEVEL = "-O";
				VALIDATE_PRODUCT = YES;
			};
			name = Release;
		};
		5AC9556E265D5EA600D03B39 /* Debug */ = {
			isa = XCBuildConfiguration;
			buildSettings = {
				ASSETCATALOG_COMPILER_APPICON_NAME = AppIcon;
				CODE_SIGN_STYLE = Automatic;
				INFOPLIST_FILE = SoundBar/Info.plist;
				LD_RUNPATH_SEARCH_PATHS = (
					"$(inherited)",
					"@executable_path/Frameworks",
				);
				PRODUCT_BUNDLE_IDENTIFIER = com.mariamApaza.SoundBar;
				PRODUCT_NAME = "$(TARGET_NAME)";
				SWIFT_VERSION = 5.0;
				TARGETED_DEVICE_FAMILY = "1,2";
			};
			name = Debug;
		};
		5AC9556F265D5EA600D03B39 /* Release */ = {
			isa = XCBuildConfiguration;
			buildSettings = {
				ASSETCATALOG_COMPILER_APPICON_NAME = AppIcon;
				CODE_SIGN_STYLE = Automatic;
				INFOPLIST_FILE = SoundBar/Info.plist;
				LD_RUNPATH_SEARCH_PATHS = (
					"$(inherited)",
					"@executable_path/Frameworks",
				);
				PRODUCT_BUNDLE_IDENTIFIER = com.mariamApaza.SoundBar;
				PRODUCT_NAME = "$(TARGET_NAME)";
				SWIFT_VERSION = 5.0;
				TARGETED_DEVICE_FAMILY = "1,2";
			};
			name = Release;
		};
/* End XCBuildConfiguration section */

/* Begin XCConfigurationList section */
		5AC95551265D5E9C00D03B39 /* Build configuration list for PBXProject "SoundBar" */ = {
			isa = XCConfigurationList;
			buildConfigurations = (
				5AC9556B265D5EA600D03B39 /* Debug */,
				5AC9556C265D5EA600D03B39 /* Release */,
			);
			defaultConfigurationIsVisible = 0;
			defaultConfigurationName = Release;
		};
		5AC9556D265D5EA600D03B39 /* Build configuration list for PBXNativeTarget "SoundBar" */ = {
			isa = XCConfigurationList;
			buildConfigurations = (
				5AC9556E265D5EA600D03B39 /* Debug */,
				5AC9556F265D5EA600D03B39 /* Release */,
			);
			defaultConfigurationIsVisible = 0;
			defaultConfigurationName = Release;
		};
/* End XCConfigurationList section */

/* Begin XCVersionGroup section */
		5AC95562265D5E9C00D03B39 /* SoundBar.xcdatamodeld */ = {
			isa = XCVersionGroup;
			children = (
				5AC95563265D5E9C00D03B39 /* SoundBar.xcdatamodel */,
			);
			currentVersion = 5AC95563265D5E9C00D03B39 /* SoundBar.xcdatamodel */;
			path = SoundBar.xcdatamodeld;
			sourceTree = "<group>";
			versionGroupType = wrapper.xcdatamodel;
		};
/* End XCVersionGroup section */
	};
	rootObject = 5AC9554E265D5E9C00D03B39 /* Project object */;
}
